# Generated by pub
# See https://dart.dev/tools/pub/glossary#lockfile
packages:
  archive:
    dependency: transitive
    description:
      name: archive
      sha256: "2fde1607386ab523f7a36bb3e7edb43bd58e6edaf2ffb29d8a6d578b297fdbbd"
      url: "https://pub.dev"
    source: hosted
    version: "4.0.7"
  args:
    dependency: transitive
    description:
      name: args
      sha256: d0481093c50b1da8910eb0bb301626d4d8eb7284aa739614d2b394ee09e3ea04
      url: "https://pub.dev"
    source: hosted
    version: "2.7.0"
  async:
    dependency: transitive
    description:
      name: async
      sha256: "758e6d74e971c3e5aceb4110bfd6698efc7f501675bcfe0c775459a8140750eb"
      url: "https://pub.dev"
    source: hosted
    version: "2.13.0"
  bcrypt:
    dependency: "direct main"
    description:
      name: bcrypt
      sha256: "6073a700cbbc59f1d4ab27cd532755e3de5e676c4941f535f351374df849270b"
      url: "https://pub.dev"
    source: hosted
    version: "1.2.0"
  buffer:
    dependency: transitive
    description:
      name: buffer
      sha256: "389da2ec2c16283c8787e0adaede82b1842102f8c8aae2f49003a766c5c6b3d1"
      url: "https://pub.dev"
    source: hosted
    version: "1.2.3"
  charcode:
    dependency: transitive
    description:
      name: charcode
      sha256: fb0f1107cac15a5ea6ef0a6ef71a807b9e4267c713bb93e00e92d737cc8dbd8a
      url: "https://pub.dev"
    source: hosted
    version: "1.4.0"
  checked_yaml:
    dependency: transitive
    description:
      name: checked_yaml
      sha256: "959525d3162f249993882720d52b7e0c833978df229be20702b33d48d91de70f"
      url: "https://pub.dev"
    source: hosted
    version: "2.0.4"
  cli_completion:
    dependency: transitive
    description:
      name: cli_completion
      sha256: "72e8ccc4545f24efa7bbdf3bff7257dc9d62b072dee77513cc54295575bc9220"
      url: "https://pub.dev"
    source: hosted
    version: "0.5.1"
  collection:
    dependency: transitive
    description:
      name: collection
      sha256: "2f5709ae4d3d59dd8f7cd309b4e023046b57d8a6c82130785d2b0e5868084e76"
      url: "https://pub.dev"
    source: hosted
    version: "1.19.1"
  convert:
    dependency: transitive
    description:
      name: convert
      sha256: b30acd5944035672bc15c6b7a8b47d773e41e2f17de064350988c5d02adb1c68
      url: "https://pub.dev"
    source: hosted
    version: "3.1.2"
  crypto:
    dependency: "direct main"
    description:
      name: crypto
      sha256: c8ea0233063ba03258fbcf2ca4d6dadfefe14f02fab57702265467a19f27fadf
      url: "https://pub.dev"
    source: hosted
    version: "3.0.7"
  dart_frog:
    dependency: "direct main"
    description:
      name: dart_frog
      sha256: "4ab2323ad74f935f5f76cb2de7e699d0319245e8029753878b0ddc35984f9cfe"
      url: "https://pub.dev"
    source: hosted
    version: "1.2.6"
  dart_frog_cli:
    dependency: "direct dev"
    description:
      name: dart_frog_cli
      sha256: "5e093974e4b04c5ff1de115a2a1e927f5f41390a02f87da0ed1c514796b9877a"
      url: "https://pub.dev"
    source: hosted
    version: "1.2.11"
  dart_frog_gen:
    dependency: transitive
    description:
      name: dart_frog_gen
      sha256: "856f4e3851849f42b6d541b263a9f979c9cd28d99dd7978499286e78ecd7e0f7"
      url: "https://pub.dev"
    source: hosted
    version: "2.0.2"
  dotenv:
    dependency: "direct main"
    description:
      name: dotenv
      sha256: "379e64b6fc82d3df29461d349a1796ecd2c436c480d4653f3af6872eccbc90e1"
      url: "https://pub.dev"
    source: hosted
    version: "4.2.0"
  equatable:
    dependency: transitive
    description:
      name: equatable
      sha256: "3e0141505477fd8ad55d6eb4e7776d3fe8430be8e497ccb1521370c3f21a3e2b"
      url: "https://pub.dev"
    source: hosted
    version: "2.0.8"
  ffi:
    dependency: transitive
    description:
      name: ffi
      sha256: d07d37192dbf97461359c1518788f203b0c9102cfd2c35a716b823741219542c
      url: "https://pub.dev"
    source: hosted
    version: "2.1.5"
  file:
    dependency: transitive
    description:
      name: file
      sha256: a3b4f84adafef897088c160faf7dfffb7696046cb13ae90b508c2cbc95d3b8d4
      url: "https://pub.dev"
    source: hosted
    version: "7.0.1"
  fixnum:
    dependency: transitive
    description:
      name: fixnum
      sha256: b6dc7065e46c974bc7c5f143080a6764ec7a4be6da1285ececdc37be96de53be
      url: "https://pub.dev"
    source: hosted
    version: "1.1.1"
  hotreloader:
    dependency: transitive
    description:
      name: hotreloader
      sha256: bc167a1163807b03bada490bfe2df25b0d744df359227880220a5cbd04e5734b
      url: "https://pub.dev"
    source: hosted
    version: "4.3.0"
  http:
    dependency: transitive
    description:
      name: http
      sha256: "87721a4a50b19c7f1d49001e51409bddc46303966ce89a65af4f4e6004896412"
      url: "https://pub.dev"
    source: hosted
    version: "1.6.0"
  http_methods:
    dependency: transitive
    description:
      name: http_methods
      sha256: "6bccce8f1ec7b5d701e7921dca35e202d425b57e317ba1a37f2638590e29e566"
      url: "https://pub.dev"
    source: hosted
    version: "1.1.1"
  http_parser:
    dependency: transitive
    description:
      name: http_parser
      sha256: "178d74305e7866013777bab2c3d8726205dc5a4dd935297175b19a23a2e66571"
      url: "https://pub.dev"
    source: hosted
    version: "4.1.2"
  io:
    dependency: transitive
    description:
      name: io
      sha256: dfd5a80599cf0165756e3181807ed3e77daf6dd4137caaad72d0b7931597650b
      url: "https://pub.dev"
    source: hosted
    version: "1.0.5"
  json_annotation:
    dependency: transitive
    description:
      name: json_annotation
      sha256: "805fa86df56383000f640384b282ce0cb8431f1a7a2396de92fb66186d8c57df"
      url: "https://pub.dev"
    source: hosted
    version: "4.10.0"
  lints:
    dependency: "direct dev"
    description:
      name: lints
      sha256: cbf8d4b858bb0134ef3ef87841abdf8d63bfc255c266b7bf6b39daa1085c4290
      url: "https://pub.dev"
    source: hosted
    version: "3.0.0"
  logging:
    dependency: transitive
    description:
      name: logging
      sha256: c8245ada5f1717ed44271ed1c26b8ce85ca3228fd2ffdb75468ab01979309d61
      url: "https://pub.dev"
    source: hosted
    version: "1.3.0"
  mason:
    dependency: transitive
    description:
      name: mason
      sha256: "515b28eedc3e106bbbfb95f0ff63471003396978d3413daeba0a64bcac01367b"
      url: "https://pub.dev"
    source: hosted
    version: "0.1.2"
  mason_logger:
    dependency: transitive
    description:
      name: mason_logger
      sha256: "6d5a989ff41157915cb5162ed6e41196d5e31b070d2f86e1c2edf216996a158c"
      url: "https://pub.dev"
    source: hosted
    version: "0.3.3"
  meta:
    dependency: transitive
    description:
      name: meta
      sha256: "9f29b9bcc8ee287b1a31e0d01be0eae99a930dbffdaecf04b3f3d82a969f296f"
      url: "https://pub.dev"
    source: hosted
    version: "1.18.1"
  mime:
    dependency: transitive
    description:
      name: mime
      sha256: "41a20518f0cb1256669420fdba0cd90d21561e560ac240f26ef8322e45bb7ed6"
      url: "https://pub.dev"
    source: hosted
    version: "2.0.0"
  mustache_template:
    dependency: transitive
    description:
      name: mustache_template
      sha256: "4326d0002ff58c74b9486990ccbdab08157fca3c996fe9e197aff9d61badf307"
      url: "https://pub.dev"
    source: hosted
    version: "2.0.3"
  path:
    dependency: transitive
    description:
      name: path
      sha256: "75cca69d1490965be98c73ceaea117e8a04dd21217b37b292c9ddbec0d955bc5"
      url: "https://pub.dev"
    source: hosted
    version: "1.9.1"
  platform:
    dependency: transitive
    description:
      name: platform
      sha256: "5d6b1b0036a5f331ebc77c850ebc8506cbc1e9416c27e59b439f917a902a4984"
      url: "https://pub.dev"
    source: hosted
    version: "3.1.6"
  pool:
    dependency: transitive
    description:
      name: pool
      sha256: "978783255c543aa3586a1b3c21f6e9d720eb315376a915872c61ef8b5c20177d"
      url: "https://pub.dev"
    source: hosted
    version: "1.5.2"
  posix:
    dependency: transitive
    description:
      name: posix
      sha256: "6323a5b0fa688b6a010df4905a56b00181479e6d10534cecfecede2aa55add61"
      url: "https://pub.dev"
    source: hosted
    version: "6.0.3"
  postgres:
    dependency: "direct main"
    description:
      name: postgres
      sha256: fefbbfe749c6130e5096588b9c4459173684c695952cd7636ab19be76f255469
      url: "https://pub.dev"
    source: hosted
    version: "3.5.9"
  process:
    dependency: transitive
    description:
      name: process
      sha256: c6248e4526673988586e8c00bb22a49210c258dc91df5227d5da9748ecf79744
      url: "https://pub.dev"
    source: hosted
    version: "5.0.5"
  pub_semver:
    dependency: transitive
    description:
      name: pub_semver
      sha256: "5bfcf68ca79ef689f8990d1160781b4bad40a3bd5e5218ad4076ddb7f4081585"
      url: "https://pub.dev"
    source: hosted
    version: "2.2.0"
  pub_updater:
    dependency: transitive
    description:
      name: pub_updater
      sha256: "739a0161d73a6974c0675b864fb0cf5147305f7b077b7f03a58fa7a9ab3e7e7d"
      url: "https://pub.dev"
    source: hosted
    version: "0.5.0"
  pubspec_parse:
    dependency: transitive
    description:
      name: pubspec_parse
      sha256: "0560ba233314abbed0a48a2956f7f022cce7c3e1e73df540277da7544cad4082"
      url: "https://pub.dev"
    source: hosted
    version: "1.5.0"
  shelf:
    dependency: transitive
    description:
      name: shelf
      sha256: e7dd780a7ffb623c57850b33f43309312fc863fb6aa3d276a754bb299839ef12
      url: "https://pub.dev"
    source: hosted
    version: "1.4.2"
  shelf_hotreload:
    dependency: transitive
    description:
      name: shelf_hotreload
      sha256: "449f68ce2d087a030c2bfbb40e6925c63fac3dcb502a67388a7139ce72102e7a"
      url: "https://pub.dev"
    source: hosted
    version: "1.6.0"
  shelf_static:
    dependency: transitive
    description:
      name: shelf_static
      sha256: c87c3875f91262785dade62d135760c2c69cb217ac759485334c5857ad89f6e3
      url: "https://pub.dev"
    source: hosted
    version: "1.1.3"
  source_span:
    dependency: transitive
    description:
      name: source_span
      sha256: "254ee5351d6cb365c859e20ee823c3bb479bf4a293c22d17a9f1bf144ce86f7c"
      url: "https://pub.dev"
    source: hosted
    version: "1.10.1"
  stack_trace:
    dependency: transitive
    description:
      name: stack_trace
      sha256: "8b27215b45d22309b5cddda1aa2b19bdfec9df0e765f2de506401c071d38d1b1"
      url: "https://pub.dev"
    source: hosted
    version: "1.12.1"
  stream_channel:
    dependency: transitive
    description:
      name: stream_channel
      sha256: "969e04c80b8bcdf826f8f16579c7b14d780458bd97f56d107d3950fdbeef059d"
      url: "https://pub.dev"
    source: hosted
    version: "2.1.4"
  stream_transform:
    dependency: transitive
    description:
      name: stream_transform
      sha256: ad47125e588cfd37a9a7f86c7d6356dde8dfe89d071d293f80ca9e9273a33871
      url: "https://pub.dev"
    source: hosted
    version: "2.1.1"
  string_scanner:
    dependency: transitive
    description:
      name: string_scanner
      sha256: "921cd31725b72fe181906c6a94d987c78e3b98c2e205b397ea399d4054872b43"
      url: "https://pub.dev"
    source: hosted
    version: "1.4.1"
  term_glyph:
    dependency: transitive
    description:
      name: term_glyph
      sha256: "7f554798625ea768a7518313e58f83891c7f5024f88e46e7182a4558850a4b8e"
      url: "https://pub.dev"
    source: hosted
    version: "1.2.2"
  typed_data:
    dependency: transitive
    description:
      name: typed_data
      sha256: f9049c039ebfeb4cf7a7104a675823cd72dba8297f264b6637062516699fa006
      url: "https://pub.dev"
    source: hosted
    version: "1.4.0"
  uuid:
    dependency: transitive
    description:
      name: uuid
      sha256: a11b666489b1954e01d992f3d601b1804a33937b5a8fe677bd26b8a9f96f96e8
      url: "https://pub.dev"
    source: hosted
    version: "4.5.2"
  vm_service:
    dependency: transitive
    description:
      name: vm_service
      sha256: "45caa6c5917fa127b5dbcfbd1fa60b14e583afdc08bfc96dda38886ca252eb60"
      url: "https://pub.dev"
    source: hosted
    version: "15.0.2"
  watcher:
    dependency: transitive
    description:
      name: watcher
      sha256: "1398c9f081a753f9226febe8900fce8f7d0a67163334e1c94a2438339d79d635"
      url: "https://pub.dev"
    source: hosted
    version: "1.2.1"
  web:
    dependency: transitive
    description:
      name: web
      sha256: "868d88a33d8a87b18ffc05f9f030ba328ffefba92d6c127917a2ba740f9cfe4a"
      url: "https://pub.dev"
    source: hosted
    version: "1.1.1"
  win32:
    dependency: transitive
    description:
      name: win32
      sha256: d7cb55e04cd34096cd3a79b3330245f54cb96a370a1c27adb3c84b917de8b08e
      url: "https://pub.dev"
    source: hosted
    version: "5.15.0"
  yaml:
    dependency: transitive
    description:
      name: yaml
      sha256: b9da305ac7c39faa3f030eccd175340f968459dae4af175130b3fc47e40d76ce
      url: "https://pub.dev"
    source: hosted
    version: "3.1.3"
sdks:
  dart: ">=3.9.0 <4.0.0"
